
Microsoft Visual Studio Solution File, Format Version 12.00
# Visual Studio Version 16
VisualStudioVersion = 16.0.29418.71
MinimumVisualStudioVersion = 10.0.40219.1
Project("{FAE04EC0-301F-11D3-BF4B-00C04F79EFBC}") = "jemsunlucky", "jemsunlucky\jemsunlucky.csproj", "{88758E8B-59FD-404D-B567-4BBA89E404DF}"
EndProject
Global
	GlobalSection(SolutionConfigurationPlatforms) = preSolution
		Debug|Any CPU = Debug|Any CPU
		Release|Any CPU = Release|Any CPU
	EndGlobalSection
	GlobalSection(ProjectConfigurationPlatforms) = postSolution
		{88758E8B-59FD-404D-B567-4BBA89E404DF}.Debug|Any CPU.ActiveCfg = Debug|Any CPU
		{88758E8B-59FD-404D-B567-4BBA89E404DF}.Debug|Any CPU.Build.0 = Debug|Any CPU
		{88758E8B-59FD-404D-B567-4BBA89E404DF}.Release|Any CPU.ActiveCfg = Release|Any CPU
		{88758E8B-59FD-404D-B567-4BBA89E404DF}.Release|Any CPU.Build.0 = Release|Any CPU
	EndGlobalSection
	GlobalSection(SolutionProperties) = preSolution
		HideSolutionNode = FALSE
	EndGlobalSection
	GlobalSection(ExtensibilityGlobals) = postSolution
		SolutionGuid = {016ADCC7-9A87-4E0B-813D-9D0415293087}
	EndGlobalSection
EndGlobal
